
Microsoft Visual Studio Solution File, Format Version 12.00
# Visual Studio Version 16
VisualStudioVersion = 16.0.808.3
MinimumVisualStudioVersion = 10.0.40219.1
Project("{FAE04EC0-301F-11D3-BF4B-00C04F79EFBC}") = "SIS.WebServer", "SIS.WebServer.csproj", "{A28870F2-41EE-438A-A831-B372B422D846}"
EndProject
Global
	GlobalSection(SolutionConfigurationPlatforms) = preSolution
		Debug|Any CPU = Debug|Any CPU
		Release|Any CPU = Release|Any CPU
	EndGlobalSection
	GlobalSection(ProjectConfigurationPlatforms) = postSolution
		{A28870F2-41EE-438A-A831-B372B422D846}.Debug|Any CPU.ActiveCfg = Debug|Any CPU
		{A28870F2-41EE-438A-A831-B372B422D846}.Debug|Any CPU.Build.0 = Debug|Any CPU
		{A28870F2-41EE-438A-A831-B372B422D846}.Release|Any CPU.ActiveCfg = Release|Any CPU
		{A28870F2-41EE-438A-A831-B372B422D846}.Release|Any CPU.Build.0 = Release|Any CPU
	EndGlobalSection
	GlobalSection(SolutionProperties) = preSolution
		HideSolutionNode = FALSE
	EndGlobalSection
	GlobalSection(ExtensibilityGlobals) = postSolution
		SolutionGuid = {AD2C4E3A-4926-463D-8D6E-2EBD1728307B}
	EndGlobalSection
EndGlobal
