
Microsoft Visual Studio Solution File, Format Version 12.00
# Visual Studio Version 16
VisualStudioVersion = 16.0.808.3
MinimumVisualStudioVersion = 10.0.40219.1
Project("{FAE04EC0-301F-11D3-BF4B-00C04F79EFBC}") = "HttpClientDemo", "HttpClientDemo.csproj", "{EB106C34-EFC0-4333-AC4A-CEAB32984B26}"
EndProject
Global
	GlobalSection(SolutionConfigurationPlatforms) = preSolution
		Debug|Any CPU = Debug|Any CPU
		Release|Any CPU = Release|Any CPU
	EndGlobalSection
	GlobalSection(ProjectConfigurationPlatforms) = postSolution
		{EB106C34-EFC0-4333-AC4A-CEAB32984B26}.Debug|Any CPU.ActiveCfg = Debug|Any CPU
		{EB106C34-EFC0-4333-AC4A-CEAB32984B26}.Debug|Any CPU.Build.0 = Debug|Any CPU
		{EB106C34-EFC0-4333-AC4A-CEAB32984B26}.Release|Any CPU.ActiveCfg = Release|Any CPU
		{EB106C34-EFC0-4333-AC4A-CEAB32984B26}.Release|Any CPU.Build.0 = Release|Any CPU
	EndGlobalSection
	GlobalSection(SolutionProperties) = preSolution
		HideSolutionNode = FALSE
	EndGlobalSection
	GlobalSection(ExtensibilityGlobals) = postSolution
		SolutionGuid = {2A9B788C-B9B2-4A1C-984F-53FB0521DCC3}
	EndGlobalSection
EndGlobal
