
Microsoft Visual Studio Solution File, Format Version 12.00
# Visual Studio Version 16
VisualStudioVersion = 16.0.808.3
MinimumVisualStudioVersion = 10.0.40219.1
Project("{FAE04EC0-301F-11D3-BF4B-00C04F79EFBC}") = "HttpClientDemo", "HttpClientDemo\HttpClientDemo.csproj", "{F6761BE9-4041-49C4-8E5E-0CD1D79A0A6D}"
EndProject
Project("{FAE04EC0-301F-11D3-BF4B-00C04F79EFBC}") = "PrimeNumbersCounter", "PrimeNumbersCounter\PrimeNumbersCounter.csproj", "{0DA264F9-ABA6-42F1-A0C3-D899D7AFA257}"
EndProject
Global
	GlobalSection(SolutionConfigurationPlatforms) = preSolution
		Debug|Any CPU = Debug|Any CPU
		Release|Any CPU = Release|Any CPU
	EndGlobalSection
	GlobalSection(ProjectConfigurationPlatforms) = postSolution
		{F6761BE9-4041-49C4-8E5E-0CD1D79A0A6D}.Debug|Any CPU.ActiveCfg = Debug|Any CPU
		{F6761BE9-4041-49C4-8E5E-0CD1D79A0A6D}.Debug|Any CPU.Build.0 = Debug|Any CPU
		{F6761BE9-4041-49C4-8E5E-0CD1D79A0A6D}.Release|Any CPU.ActiveCfg = Release|Any CPU
		{F6761BE9-4041-49C4-8E5E-0CD1D79A0A6D}.Release|Any CPU.Build.0 = Release|Any CPU
		{0DA264F9-ABA6-42F1-A0C3-D899D7AFA257}.Debug|Any CPU.ActiveCfg = Debug|Any CPU
		{0DA264F9-ABA6-42F1-A0C3-D899D7AFA257}.Debug|Any CPU.Build.0 = Debug|Any CPU
		{0DA264F9-ABA6-42F1-A0C3-D899D7AFA257}.Release|Any CPU.ActiveCfg = Release|Any CPU
		{0DA264F9-ABA6-42F1-A0C3-D899D7AFA257}.Release|Any CPU.Build.0 = Release|Any CPU
	EndGlobalSection
	GlobalSection(SolutionProperties) = preSolution
		HideSolutionNode = FALSE
	EndGlobalSection
	GlobalSection(ExtensibilityGlobals) = postSolution
		SolutionGuid = {F05FDB93-D120-4C31-9AD6-5CA2C53C2EA5}
	EndGlobalSection
EndGlobal
