
Microsoft Visual Studio Solution File, Format Version 12.00
# Visual Studio Version 16
VisualStudioVersion = 16.0.808.3
MinimumVisualStudioVersion = 10.0.40219.1
Project("{FAE04EC0-301F-11D3-BF4B-00C04F79EFBC}") = "SUS.HTTP", "SUS.HTTP\SUS.HTTP.csproj", "{EA040703-63CD-4613-B00C-749886A9A575}"
EndProject
Project("{FAE04EC0-301F-11D3-BF4B-00C04F79EFBC}") = "SUS.MvcFramework", "SUS.MvcFramework\SUS.MvcFramework.csproj", "{E1E007D6-8C7D-4FAB-8FF2-17A6A2B9F159}"
EndProject
Project("{2150E333-8FDC-42A3-9474-1A3956D46DE8}") = "Apps", "Apps", "{C8848A2B-FDE6-4D0C-944F-B464D71C0700}"
EndProject
Project("{FAE04EC0-301F-11D3-BF4B-00C04F79EFBC}") = "MyFirstMvcApp", "MyFirstMvcApp\MyFirstMvcApp.csproj", "{96ED7638-F2F9-447D-90D2-5E8F887BF14D}"
EndProject
Project("{FAE04EC0-301F-11D3-BF4B-00C04F79EFBC}") = "SUS.MvcFramework.Tests", "SUS.MvcFramework.Tests\SUS.MvcFramework.Tests.csproj", "{14C0FAA3-AC6D-45F8-B52D-BDA9BC2D280F}"
EndProject
Global
	GlobalSection(SolutionConfigurationPlatforms) = preSolution
		Debug|Any CPU = Debug|Any CPU
		Release|Any CPU = Release|Any CPU
	EndGlobalSection
	GlobalSection(ProjectConfigurationPlatforms) = postSolution
		{EA040703-63CD-4613-B00C-749886A9A575}.Debug|Any CPU.ActiveCfg = Debug|Any CPU
		{EA040703-63CD-4613-B00C-749886A9A575}.Debug|Any CPU.Build.0 = Debug|Any CPU
		{EA040703-63CD-4613-B00C-749886A9A575}.Release|Any CPU.ActiveCfg = Release|Any CPU
		{EA040703-63CD-4613-B00C-749886A9A575}.Release|Any CPU.Build.0 = Release|Any CPU
		{E1E007D6-8C7D-4FAB-8FF2-17A6A2B9F159}.Debug|Any CPU.ActiveCfg = Debug|Any CPU
		{E1E007D6-8C7D-4FAB-8FF2-17A6A2B9F159}.Debug|Any CPU.Build.0 = Debug|Any CPU
		{E1E007D6-8C7D-4FAB-8FF2-17A6A2B9F159}.Release|Any CPU.ActiveCfg = Release|Any CPU
		{E1E007D6-8C7D-4FAB-8FF2-17A6A2B9F159}.Release|Any CPU.Build.0 = Release|Any CPU
		{96ED7638-F2F9-447D-90D2-5E8F887BF14D}.Debug|Any CPU.ActiveCfg = Debug|Any CPU
		{96ED7638-F2F9-447D-90D2-5E8F887BF14D}.Debug|Any CPU.Build.0 = Debug|Any CPU
		{96ED7638-F2F9-447D-90D2-5E8F887BF14D}.Release|Any CPU.ActiveCfg = Release|Any CPU
		{96ED7638-F2F9-447D-90D2-5E8F887BF14D}.Release|Any CPU.Build.0 = Release|Any CPU
		{14C0FAA3-AC6D-45F8-B52D-BDA9BC2D280F}.Debug|Any CPU.ActiveCfg = Debug|Any CPU
		{14C0FAA3-AC6D-45F8-B52D-BDA9BC2D280F}.Debug|Any CPU.Build.0 = Debug|Any CPU
		{14C0FAA3-AC6D-45F8-B52D-BDA9BC2D280F}.Release|Any CPU.ActiveCfg = Release|Any CPU
		{14C0FAA3-AC6D-45F8-B52D-BDA9BC2D280F}.Release|Any CPU.Build.0 = Release|Any CPU
	EndGlobalSection
	GlobalSection(SolutionProperties) = preSolution
		HideSolutionNode = FALSE
	EndGlobalSection
	GlobalSection(ExtensibilityGlobals) = postSolution
		SolutionGuid = {07384824-534B-44AE-A470-0D6589F55202}
	EndGlobalSection
	GlobalSection(NestedProjects) = preSolution
		{96ED7638-F2F9-447D-90D2-5E8F887BF14D} = {C8848A2B-FDE6-4D0C-944F-B464D71C0700}
	EndGlobalSection
EndGlobal
