
Microsoft Visual Studio Solution File, Format Version 12.00
# Visual Studio Version 16
VisualStudioVersion = 16.0.808.3
MinimumVisualStudioVersion = 10.0.40219.1
Project("{FAE04EC0-301F-11D3-BF4B-00C04F79EFBC}") = "TestApplication", "TestApplication\TestApplication.csproj", "{A5D603F0-A84A-4612-B8B1-60E303FE0EEF}"
EndProject
Project("{FAE04EC0-301F-11D3-BF4B-00C04F79EFBC}") = "TestApplication.Test", "TestApplication.Test\TestApplication.Test.csproj", "{5D146C10-80C3-4F7C-AF0E-B289DEA0519B}"
EndProject
Global
	GlobalSection(SolutionConfigurationPlatforms) = preSolution
		Debug|Any CPU = Debug|Any CPU
		Release|Any CPU = Release|Any CPU
	EndGlobalSection
	GlobalSection(ProjectConfigurationPlatforms) = postSolution
		{A5D603F0-A84A-4612-B8B1-60E303FE0EEF}.Debug|Any CPU.ActiveCfg = Debug|Any CPU
		{A5D603F0-A84A-4612-B8B1-60E303FE0EEF}.Debug|Any CPU.Build.0 = Debug|Any CPU
		{A5D603F0-A84A-4612-B8B1-60E303FE0EEF}.Release|Any CPU.ActiveCfg = Release|Any CPU
		{A5D603F0-A84A-4612-B8B1-60E303FE0EEF}.Release|Any CPU.Build.0 = Release|Any CPU
		{5D146C10-80C3-4F7C-AF0E-B289DEA0519B}.Debug|Any CPU.ActiveCfg = Debug|Any CPU
		{5D146C10-80C3-4F7C-AF0E-B289DEA0519B}.Debug|Any CPU.Build.0 = Debug|Any CPU
		{5D146C10-80C3-4F7C-AF0E-B289DEA0519B}.Release|Any CPU.ActiveCfg = Release|Any CPU
		{5D146C10-80C3-4F7C-AF0E-B289DEA0519B}.Release|Any CPU.Build.0 = Release|Any CPU
	EndGlobalSection
	GlobalSection(SolutionProperties) = preSolution
		HideSolutionNode = FALSE
	EndGlobalSection
	GlobalSection(ExtensibilityGlobals) = postSolution
		SolutionGuid = {BADC8AB8-5AF4-43A8-8EF0-FAB36A96DF97}
	EndGlobalSection
EndGlobal
